// !$*UTF8*$!
{
	archiveVersion = 1;
	classes = {
	};
	objectVersion = 46;
	objects = {

/* Begin PBXBuildFile section */
		7AAEB93B1DB9350E006283BC /* Cuboid.cpp in Sources */ = {isa = PBXBuildFile; fileRef = 7AAEB9381DB9350E006283BC /* Cuboid.cpp */; };
		7AAEB93C1DB9350E006283BC /* main.cpp in Sources */ = {isa = PBXBuildFile; fileRef = 7AAEB93A1DB9350E006283BC /* main.cpp */; };
/* End PBXBuildFile section */

/* Begin PBXCopyFilesBuildPhase section */
		7AAEB92C1DB934B4006283BC /* CopyFiles */ = {
			isa = PBXCopyFilesBuildPhase;
			buildActionMask = 2147483647;
			dstPath = /usr/share/man/man1/;
			dstSubfolderSpec = 0;
			files = (
			);
			runOnlyForDeploymentPostprocessing = 1;
		};
/* End PBXCopyFilesBuildPhase section */

/* Begin PBXFileReference section */
		7AAEB92E1DB934B5006283BC /* hw07 */ = {isa = PBXFileReference; explicitFileType = "compiled.mach-o.executable"; includeInIndex = 0; path = hw07; sourceTree = BUILT_PRODUCTS_DIR; };
		7AAEB9381DB9350E006283BC /* Cuboid.cpp */ = {isa = PBXFileReference; fileEncoding = 4; lastKnownFileType = sourcecode.cpp.cpp; name = Cuboid.cpp; path = ../../cuboid/Cuboid.cpp; sourceTree = "<group>"; };
		7AAEB9391DB9350E006283BC /* Cuboid.h */ = {isa = PBXFileReference; fileEncoding = 4; lastKnownFileType = sourcecode.c.h; name = Cuboid.h; path = ../../cuboid/Cuboid.h; sourceTree = "<group>"; };
		7AAEB93A1DB9350E006283BC /* main.cpp */ = {isa = PBXFileReference; fileEncoding = 4; lastKnownFileType = sourcecode.cpp.cpp; name = main.cpp; path = ../../cuboid/main.cpp; sourceTree = "<group>"; };
/* End PBXFileReference section */

/* Begin PBXFrameworksBuildPhase section */
		7AAEB92B1DB934B4006283BC /* Frameworks */ = {
			isa = PBXFrameworksBuildPhase;
			buildActionMask = 2147483647;
			files = (
			);
			runOnlyForDeploymentPostprocessing = 0;
		};
/* End PBXFrameworksBuildPhase section */

/* Begin PBXGroup section */
		7AAEB9251DB934B3006283BC = {
			isa = PBXGroup;
			children = (
				7AAEB9301DB934B5006283BC /* hw07 */,
				7AAEB92F1DB934B5006283BC /* Products */,
			);
			sourceTree = "<group>";
		};
		7AAEB92F1DB934B5006283BC /* Products */ = {
			isa = PBXGroup;
			children = (
				7AAEB92E1DB934B5006283BC /* hw07 */,
			);
			name = Products;
			sourceTree = "<group>";
		};
		7AAEB9301DB934B5006283BC /* hw07 */ = {
			isa = PBXGroup;
			children = (
				7AAEB9381DB9350E006283BC /* Cuboid.cpp */,
				7AAEB9391DB9350E006283BC /* Cuboid.h */,
				7AAEB93A1DB9350E006283BC /* main.cpp */,
			);
			path = hw07;
			sourceTree = "<group>";
		};
/* End PBXGroup section */

/* Begin PBXNativeTarget section */
		7AAEB92D1DB934B4006283BC /* hw07 */ = {
			isa = PBXNativeTarget;
			buildConfigurationList = 7AAEB9351DB934B5006283BC /* Build configuration list for PBXNativeTarget "hw07" */;
			buildPhases = (
				7AAEB92A1DB934B4006283BC /* Sources */,
				7AAEB92B1DB934B4006283BC /* Frameworks */,
				7AAEB92C1DB934B4006283BC /* CopyFiles */,
			);
			buildRules = (
			);
			dependencies = (
			);
			name = hw07;
			productName = hw07;
			productReference = 7AAEB92E1DB934B5006283BC /* hw07 */;
			productType = "com.apple.product-type.tool";
		};
/* End PBXNativeTarget section */

/* Begin PBXProject section */
		7AAEB9261DB934B3006283BC /* Project object */ = {
			isa = PBXProject;
			attributes = {
				LastUpgradeCheck = 0800;
				ORGANIZATIONNAME = madison;
				TargetAttributes = {
					7AAEB92D1DB934B4006283BC = {
						CreatedOnToolsVersion = 8.0;
						DevelopmentTeam = 6ABXAH9HLL;
						ProvisioningStyle = Automatic;
					};
				};
			};
			buildConfigurationList = 7AAEB9291DB934B4006283BC /* Build configuration list for PBXProject "hw07" */;
			compatibilityVersion = "Xcode 3.2";
			developmentRegion = English;
			hasScannedForEncodings = 0;
			knownRegions = (
				en,
			);
			mainGroup = 7AAEB9251DB934B3006283BC;
			productRefGroup = 7AAEB92F1DB934B5006283BC /* Products */;
			projectDirPath = "";
			projectRoot = "";
			targets = (
				7AAEB92D1DB934B4006283BC /* hw07 */,
			);
		};
/* End PBXProject section */

/* Begin PBXSourcesBuildPhase section */
		7AAEB92A1DB934B4006283BC /* Sources */ = {
			isa = PBXSourcesBuildPhase;
			buildActionMask = 2147483647;
			files = (
				7AAEB93C1DB9350E006283BC /* main.cpp in Sources */,
				7AAEB93B1DB9350E006283BC /* Cuboid.cpp in Sources */,
			);
			runOnlyForDeploymentPostprocessing = 0;
		};
/* End PBXSourcesBuildPhase section */

/* Begin XCBuildConfiguration section */
		7AAEB9331DB934B5006283BC /* Debug */ = {
			isa = XCBuildConfiguration;
			buildSettings = {
				ALWAYS_SEARCH_USER_PATHS = NO;
				CLANG_ANALYZER_NONNULL = YES;
				CLANG_CXX_LANGUAGE_STANDARD = "gnu++0x";
				CLANG_CXX_LIBRARY = "libc++";
				CLANG_ENABLE_MODULES = YES;
				CLANG_ENABLE_OBJC_ARC = YES;
				CLANG_WARN_BOOL_CONVERSION = YES;
				CLANG_WARN_CONSTANT_CONVERSION = YES;
				CLANG_WARN_DIRECT_OBJC_ISA_USAGE = YES_ERROR;
				CLANG_WARN_DOCUMENTATION_COMMENTS = YES;
				CLANG_WARN_EMPTY_BODY = YES;
				CLANG_WARN_ENUM_CONVERSION = YES;
				CLANG_WARN_INFINITE_RECURSION = YES;
				CLANG_WARN_INT_CONVERSION = YES;
				CLANG_WARN_OBJC_ROOT_CLASS = YES_ERROR;
				CLANG_WARN_SUSPICIOUS_MOVES = YES;
				CLANG_WARN_UNREACHABLE_CODE = YES;
				CLANG_WARN__DUPLICATE_METHOD_MATCH = YES;
				CODE_SIGN_IDENTITY = "-";
				COPY_PHASE_STRIP = NO;
				DEBUG_INFORMATION_FORMAT = dwarf;
				ENABLE_STRICT_OBJC_MSGSEND = YES;
				ENABLE_TESTABILITY = YES;
				GCC_C_LANGUAGE_STANDARD = gnu99;
				GCC_DYNAMIC_NO_PIC = NO;
				GCC_NO_COMMON_BLOCKS = YES;
				GCC_OPTIMIZATION_LEVEL = 0;
				GCC_PREPROCESSOR_DEFINITIONS = (
					"DEBUG=1",
					"$(inherited)",
				);
				GCC_WARN_64_TO_32_BIT_CONVERSION = YES;
				GCC_WARN_ABOUT_RETURN_TYPE = YES_ERROR;
				GCC_WARN_UNDECLARED_SELECTOR = YES;
				GCC_WARN_UNINITIALIZED_AUTOS = YES_AGGRESSIVE;
				GCC_WARN_UNUSED_FUNCTION = YES;
				GCC_WARN_UNUSED_VARIABLE = YES;
				MACOSX_DEPLOYMENT_TARGET = 10.11;
				MTL_ENABLE_DEBUG_INFO = YES;
				ONLY_ACTIVE_ARCH = YES;
				SDKROOT = macosx;
			};
			name = Debug;
		};
		7AAEB9341DB934B5006283BC /* Release */ = {
			isa = XCBuildConfiguration;
			buildSettings = {
				ALWAYS_SEARCH_USER_PATHS = NO;
				CLANG_ANALYZER_NONNULL = YES;
				CLANG_CXX_LANGUAGE_STANDARD = "gnu++0x";
				CLANG_CXX_LIBRARY = "libc++";
				CLANG_ENABLE_MODULES = YES;
				CLANG_ENABLE_OBJC_ARC = YES;
				CLANG_WARN_BOOL_CONVERSION = YES;
				CLANG_WARN_CONSTANT_CONVERSION = YES;
				CLANG_WARN_DIRECT_OBJC_ISA_USAGE = YES_ERROR;
				CLANG_WARN_DOCUMENTATION_COMMENTS = YES;
				CLANG_WARN_EMPTY_BODY = YES;
				CLANG_WARN_ENUM_CONVERSION = YES;
				CLANG_WARN_INFINITE_RECURSION = YES;
				CLANG_WARN_INT_CONVERSION = YES;
				CLANG_WARN_OBJC_ROOT_CLASS = YES_ERROR;
				CLANG_WARN_SUSPICIOUS_MOVES = YES;
				CLANG_WARN_UNREACHABLE_CODE = YES;
				CLANG_WARN__DUPLICATE_METHOD_MATCH = YES;
				CODE_SIGN_IDENTITY = "-";
				COPY_PHASE_STRIP = NO;
				DEBUG_INFORMATION_FORMAT = "dwarf-with-dsym";
				ENABLE_NS_ASSERTIONS = NO;
				ENABLE_STRICT_OBJC_MSGSEND = YES;
				GCC_C_LANGUAGE_STANDARD = gnu99;
				GCC_NO_COMMON_BLOCKS = YES;
				GCC_WARN_64_TO_32_BIT_CONVERSION = YES;
				GCC_WARN_ABOUT_RETURN_TYPE = YES_ERROR;
				GCC_WARN_UNDECLARED_SELECTOR = YES;
				GCC_WARN_UNINITIALIZED_AUTOS = YES_AGGRESSIVE;
				GCC_WARN_UNUSED_FUNCTION = YES;
				GCC_WARN_UNUSED_VARIABLE = YES;
				MACOSX_DEPLOYMENT_TARGET = 10.11;
				MTL_ENABLE_DEBUG_INFO = NO;
				SDKROOT = macosx;
			};
			name = Release;
		};
		7AAEB9361DB934B5006283BC /* Debug */ = {
			isa = XCBuildConfiguration;
			buildSettings = {
				DEVELOPMENT_TEAM = 6ABXAH9HLL;
				PRODUCT_NAME = "$(TARGET_NAME)";
			};
			name = Debug;
		};
		7AAEB9371DB934B5006283BC /* Release */ = {
			isa = XCBuildConfiguration;
			buildSettings = {
				DEVELOPMENT_TEAM = 6ABXAH9HLL;
				PRODUCT_NAME = "$(TARGET_NAME)";
			};
			name = Release;
		};
/* End XCBuildConfiguration section */

/* Begin XCConfigurationList section */
		7AAEB9291DB934B4006283BC /* Build configuration list for PBXProject "hw07" */ = {
			isa = XCConfigurationList;
			buildConfigurations = (
				7AAEB9331DB934B5006283BC /* Debug */,
				7AAEB9341DB934B5006283BC /* Release */,
			);
			defaultConfigurationIsVisible = 0;
			defaultConfigurationName = Release;
		};
		7AAEB9351DB934B5006283BC /* Build configuration list for PBXNativeTarget "hw07" */ = {
			isa = XCConfigurationList;
			buildConfigurations = (
				7AAEB9361DB934B5006283BC /* Debug */,
				7AAEB9371DB934B5006283BC /* Release */,
			);
			defaultConfigurationIsVisible = 0;
		};
/* End XCConfigurationList section */
	};
	rootObject = 7AAEB9261DB934B3006283BC /* Project object */;
}
